# This file is automatically @generated by Cargo.
# It is not intended for manual editing.
version = 4

[[package]]
name = "clone_dyn"
version = "0.47.0"
source = "registry+https://github.com/rust-lang/crates.io-index"
checksum = "a12ae62e224ddee03c4d8a828e6e023b0a738367f7726ac7cdc023cd0f0eeb73"
dependencies = [
 "clone_dyn_meta",
 "clone_dyn_types",
]

[[package]]
name = "clone_dyn_meta"
version = "0.44.0"
source = "registry+https://github.com/rust-lang/crates.io-index"
checksum = "c65722d67e97cae9d40c2e878f70535d057081649b6a220f57cf0c84975685fc"
dependencies = [
 "component_model_types",
 "macro_tools",
]

[[package]]
name = "clone_dyn_types"
version = "0.40.0"
source = "registry+https://github.com/rust-lang/crates.io-index"
checksum = "3a6df2a33058f975d6138d1eec61d99fc005bac031e3b6ebb3c47b9b1f05dc55"

[[package]]
name = "collection_tools"
version = "0.27.0"
source = "registry+https://github.com/rust-lang/crates.io-index"
checksum = "2ec6527f7af12445e6093ce1b5e62b226bbc518d4e12084f06571e25a52e790c"

[[package]]
name = "component_model_types"
version = "0.14.0"
source = "registry+https://github.com/rust-lang/crates.io-index"
checksum = "976c95b01f6e0953ffb5399c0993cb30f0a56234e9a07f2bb520ef55ad8f2e75"
dependencies = [
 "collection_tools",
]

[[package]]
name = "const_format"
version = "0.2.34"
source = "registry+https://github.com/rust-lang/crates.io-index"
checksum = "126f97965c8ad46d6d9163268ff28432e8f6a1196a55578867832e3049df63dd"
dependencies = [
 "const_format_proc_macros",
]

[[package]]
name = "const_format_proc_macros"
version = "0.2.34"
source = "registry+https://github.com/rust-lang/crates.io-index"
checksum = "1d57c2eccfb16dbac1f4e61e206105db5820c9d26c3c472bc17c774259ef7744"
dependencies = [
 "proc-macro2",
 "quote",
 "unicode-xid",
]

[[package]]
name = "convert_case"
version = "0.6.0"
source = "registry+https://github.com/rust-lang/crates.io-index"
checksum = "ec182b0ca2f35d8fc196cf3404988fd8b8c739a4d270ff118a398feb0cbec1ca"
dependencies = [
 "unicode-segmentation",
]

[[package]]
name = "either"
version = "1.15.0"
source = "registry+https://github.com/rust-lang/crates.io-index"
checksum = "48c757948c5ede0e46177b7add2e67155f70e33c07fea8284df6576da70b3719"

[[package]]
name = "equivalent"
version = "1.0.2"
source = "registry+https://github.com/rust-lang/crates.io-index"
checksum = "877a4ace8713b0bcf2a4e7eec82529c029f1d0619886d18145fea96c3ffe5c0f"

[[package]]
name = "hashbrown"
version = "0.15.4"
source = "registry+https://github.com/rust-lang/crates.io-index"
checksum = "5971ac85611da7067dbfcabef3c70ebb5606018acd9e2a3903a0da507521e0d5"

[[package]]
name = "indexmap"
version = "2.10.0"
source = "registry+https://github.com/rust-lang/crates.io-index"
checksum = "fe4cd85333e22411419a0bcae1297d25e58c9443848b11dc6a86fefe8c78a661"
dependencies = [
 "equivalent",
 "hashbrown",
]

[[package]]
name = "interval_adapter"
version = "0.38.0"
source = "registry+https://github.com/rust-lang/crates.io-index"
checksum = "3985b746d7a70f20683c40ee9ef0ed4a22f58690c013950114727261e44beacd"

[[package]]
name = "iter_tools"
version = "0.39.0"
source = "registry+https://github.com/rust-lang/crates.io-index"
checksum = "03ea448170950f78f23b4aa55eb87482bd2273c842877810606af6a6542be64d"
dependencies = [
 "clone_dyn_types",
 "itertools",
]

[[package]]
name = "itertools"
version = "0.11.0"
source = "registry+https://github.com/rust-lang/crates.io-index"
checksum = "b1c173a5686ce8bfa551b3563d0c2170bf24ca44da99c7ca4bfdab5418c3fe57"
dependencies = [
 "either",
]

[[package]]
name = "lg-rust-binding"
version = "0.1.0"
dependencies = [
 "clone_dyn",
 "indexmap",
]

[[package]]
name = "macro_tools"
version = "0.70.0"
source = "registry+https://github.com/rust-lang/crates.io-index"
checksum = "fc0cdaa0971278eb6cfb187a16a85885a0b68233680fc4d6bbf194f4ad0f089d"
dependencies = [
 "clone_dyn_types",
 "component_model_types",
 "const_format",
 "convert_case",
 "interval_adapter",
 "iter_tools",
 "proc-macro2",
 "quote",
 "syn",
]

[[package]]
name = "proc-macro2"
version = "1.0.101"
source = "registry+https://github.com/rust-lang/crates.io-index"
checksum = "89ae43fd86e4158d6db51ad8e2b80f313af9cc74f5c0e03ccb87de09998732de"
dependencies = [
 "unicode-ident",
]

[[package]]
name = "quote"
version = "1.0.41"
source = "registry+https://github.com/rust-lang/crates.io-index"
checksum = "ce25767e7b499d1b604768e7cde645d14cc8584231ea6b295e9c9eb22c02e1d1"
dependencies = [
 "proc-macro2",
]

[[package]]
name = "syn"
version = "2.0.106"
source = "registry+https://github.com/rust-lang/crates.io-index"
checksum = "ede7c438028d4436d71104916910f5bb611972c5cfd7f89b8300a8186e6fada6"
dependencies = [
 "proc-macro2",
 "quote",
 "unicode-ident",
]

[[package]]
name = "unicode-ident"
version = "1.0.19"
source = "registry+https://github.com/rust-lang/crates.io-index"
checksum = "f63a545481291138910575129486daeaf8ac54aee4387fe7906919f7830c7d9d"

[[package]]
name = "unicode-segmentation"
version = "1.12.0"
source = "registry+https://github.com/rust-lang/crates.io-index"
checksum = "f6ccf251212114b54433ec949fd6a7841275f9ada20dddd2f29e9ceea4501493"

[[package]]
name = "unicode-xid"
version = "0.2.6"
source = "registry+https://github.com/rust-lang/crates.io-index"
checksum = "ebc1c04c71510c7f702b52b7c350734c9ff1295c464a03335b00bb84fc54f853"
